
Microsoft Visual Studio Solution File, Format Version 12.00
# Visual Studio Version 17
VisualStudioVersion = 17.5.002.0
MinimumVisualStudioVersion = 10.0.40219.1
Project("{9A19103F-16F7-4668-BE54-9A1E7A4F7556}") = "sender", "sender.csproj", "{E94F2E2F-09B0-427F-9F96-C25DA62D87CC}"
EndProject
Global
	GlobalSection(SolutionConfigurationPlatforms) = preSolution
		Debug|Any CPU = Debug|Any CPU
		Release|Any CPU = Release|Any CPU
	EndGlobalSection
	GlobalSection(ProjectConfigurationPlatforms) = postSolution
		{E94F2E2F-09B0-427F-9F96-C25DA62D87CC}.Debug|Any CPU.ActiveCfg = Debug|Any CPU
		{E94F2E2F-09B0-427F-9F96-C25DA62D87CC}.Debug|Any CPU.Build.0 = Debug|Any CPU
		{E94F2E2F-09B0-427F-9F96-C25DA62D87CC}.Release|Any CPU.ActiveCfg = Release|Any CPU
		{E94F2E2F-09B0-427F-9F96-C25DA62D87CC}.Release|Any CPU.Build.0 = Release|Any CPU
	EndGlobalSection
	GlobalSection(SolutionProperties) = preSolution
		HideSolutionNode = FALSE
	EndGlobalSection
	GlobalSection(ExtensibilityGlobals) = postSolution
		SolutionGuid = {EA002308-9F9F-42F7-9AD6-408C312555F8}
	EndGlobalSection
EndGlobal
